// !$*UTF8*$!
{
	archiveVersion = 1;
	classes = {
	};
	objectVersion = 55;
	objects = {

/* Begin PBXBuildFile section */
		D76B28F427A56E8B0078D66A /* AppDelegate.swift in Sources */ = {isa = PBXBuildFile; fileRef = D76B28F327A56E8B0078D66A /* AppDelegate.swift */; };
		D76B28F627A56E8B0078D66A /* SceneDelegate.swift in Sources */ = {isa = PBXBuildFile; fileRef = D76B28F527A56E8B0078D66A /* SceneDelegate.swift */; };
		D76B28F827A56E8B0078D66A /* ViewController.swift in Sources */ = {isa = PBXBuildFile; fileRef = D76B28F727A56E8B0078D66A /* ViewController.swift */; };
		D76B28FB27A56E8B0078D66A /* Main.storyboard in Resources */ = {isa = PBXBuildFile; fileRef = D76B28F927A56E8B0078D66A /* Main.storyboard */; };
		D76B28FD27A56E8C0078D66A /* Assets.xcassets in Resources */ = {isa = PBXBuildFile; fileRef = D76B28FC27A56E8C0078D66A /* Assets.xcassets */; };
		D76B290027A56E8C0078D66A /* LaunchScreen.storyboard in Resources */ = {isa = PBXBuildFile; fileRef = D76B28FE27A56E8C0078D66A /* LaunchScreen.storyboard */; };
		D76B290D27A5704C0078D66A /* 5.JPG in Resources */ = {isa = PBXBuildFile; fileRef = D76B290727A5704C0078D66A /* 5.JPG */; };
		D76B290E27A5704C0078D66A /* 1.JPG in Resources */ = {isa = PBXBuildFile; fileRef = D76B290827A5704C0078D66A /* 1.JPG */; };
		D76B290F27A5704C0078D66A /* 4.JPG in Resources */ = {isa = PBXBuildFile; fileRef = D76B290927A5704C0078D66A /* 4.JPG */; };
		D76B291027A5704C0078D66A /* 6.JPG in Resources */ = {isa = PBXBuildFile; fileRef = D76B290A27A5704C0078D66A /* 6.JPG */; };
		D76B291127A5704C0078D66A /* 2.JPG in Resources */ = {isa = PBXBuildFile; fileRef = D76B290B27A5704C0078D66A /* 2.JPG */; };
		D76B291227A5704C0078D66A /* 3.JPG in Resources */ = {isa = PBXBuildFile; fileRef = D76B290C27A5704C0078D66A /* 3.JPG */; };
/* End PBXBuildFile section */

/* Begin PBXFileReference section */
		D76B28F027A56E8B0078D66A /* Book1_PageControl.app */ = {isa = PBXFileReference; explicitFileType = wrapper.application; includeInIndex = 0; path = Book1_PageControl.app; sourceTree = BUILT_PRODUCTS_DIR; };
		D76B28F327A56E8B0078D66A /* AppDelegate.swift */ = {isa = PBXFileReference; lastKnownFileType = sourcecode.swift; path = AppDelegate.swift; sourceTree = "<group>"; };
		D76B28F527A56E8B0078D66A /* SceneDelegate.swift */ = {isa = PBXFileReference; lastKnownFileType = sourcecode.swift; path = SceneDelegate.swift; sourceTree = "<group>"; };
		D76B28F727A56E8B0078D66A /* ViewController.swift */ = {isa = PBXFileReference; lastKnownFileType = sourcecode.swift; path = ViewController.swift; sourceTree = "<group>"; };
		D76B28FA27A56E8B0078D66A /* Base */ = {isa = PBXFileReference; lastKnownFileType = file.storyboard; name = Base; path = Base.lproj/Main.storyboard; sourceTree = "<group>"; };
		D76B28FC27A56E8C0078D66A /* Assets.xcassets */ = {isa = PBXFileReference; lastKnownFileType = folder.assetcatalog; path = Assets.xcassets; sourceTree = "<group>"; };
		D76B28FF27A56E8C0078D66A /* Base */ = {isa = PBXFileReference; lastKnownFileType = file.storyboard; name = Base; path = Base.lproj/LaunchScreen.storyboard; sourceTree = "<group>"; };
		D76B290127A56E8C0078D66A /* Info.plist */ = {isa = PBXFileReference; lastKnownFileType = text.plist.xml; path = Info.plist; sourceTree = "<group>"; };
		D76B290727A5704C0078D66A /* 5.JPG */ = {isa = PBXFileReference; lastKnownFileType = image.jpeg; path = 5.JPG; sourceTree = "<group>"; };
		D76B290827A5704C0078D66A /* 1.JPG */ = {isa = PBXFileReference; lastKnownFileType = image.jpeg; path = 1.JPG; sourceTree = "<group>"; };
		D76B290927A5704C0078D66A /* 4.JPG */ = {isa = PBXFileReference; lastKnownFileType = image.jpeg; path = 4.JPG; sourceTree = "<group>"; };
		D76B290A27A5704C0078D66A /* 6.JPG */ = {isa = PBXFileReference; lastKnownFileType = image.jpeg; path = 6.JPG; sourceTree = "<group>"; };
		D76B290B27A5704C0078D66A /* 2.JPG */ = {isa = PBXFileReference; lastKnownFileType = image.jpeg; path = 2.JPG; sourceTree = "<group>"; };
		D76B290C27A5704C0078D66A /* 3.JPG */ = {isa = PBXFileReference; lastKnownFileType = image.jpeg; path = 3.JPG; sourceTree = "<group>"; };
/* End PBXFileReference section */

/* Begin PBXFrameworksBuildPhase section */
		D76B28ED27A56E8B0078D66A /* Frameworks */ = {
			isa = PBXFrameworksBuildPhase;
			buildActionMask = 2147483647;
			files = (
			);
			runOnlyForDeploymentPostprocessing = 0;
		};
/* End PBXFrameworksBuildPhase section */

/* Begin PBXGroup section */
		D76B28E727A56E8B0078D66A = {
			isa = PBXGroup;
			children = (
				D76B28F227A56E8B0078D66A /* Book1_PageControl */,
				D76B28F127A56E8B0078D66A /* Products */,
			);
			sourceTree = "<group>";
		};
		D76B28F127A56E8B0078D66A /* Products */ = {
			isa = PBXGroup;
			children = (
				D76B28F027A56E8B0078D66A /* Book1_PageControl.app */,
			);
			name = Products;
			sourceTree = "<group>";
		};
		D76B28F227A56E8B0078D66A /* Book1_PageControl */ = {
			isa = PBXGroup;
			children = (
				D76B291327A570740078D66A /* images */,
				D76B28F327A56E8B0078D66A /* AppDelegate.swift */,
				D76B28F527A56E8B0078D66A /* SceneDelegate.swift */,
				D76B28F727A56E8B0078D66A /* ViewController.swift */,
				D76B28F927A56E8B0078D66A /* Main.storyboard */,
				D76B28FC27A56E8C0078D66A /* Assets.xcassets */,
				D76B28FE27A56E8C0078D66A /* LaunchScreen.storyboard */,
				D76B290127A56E8C0078D66A /* Info.plist */,
			);
			path = Book1_PageControl;
			sourceTree = "<group>";
		};
		D76B291327A570740078D66A /* images */ = {
			isa = PBXGroup;
			children = (
				D76B290827A5704C0078D66A /* 1.JPG */,
				D76B290B27A5704C0078D66A /* 2.JPG */,
				D76B290C27A5704C0078D66A /* 3.JPG */,
				D76B290927A5704C0078D66A /* 4.JPG */,
				D76B290727A5704C0078D66A /* 5.JPG */,
				D76B290A27A5704C0078D66A /* 6.JPG */,
			);
			path = images;
			sourceTree = "<group>";
		};
/* End PBXGroup section */

/* Begin PBXNativeTarget section */
		D76B28EF27A56E8B0078D66A /* Book1_PageControl */ = {
			isa = PBXNativeTarget;
			buildConfigurationList = D76B290427A56E8C0078D66A /* Build configuration list for PBXNativeTarget "Book1_PageControl" */;
			buildPhases = (
				D76B28EC27A56E8B0078D66A /* Sources */,
				D76B28ED27A56E8B0078D66A /* Frameworks */,
				D76B28EE27A56E8B0078D66A /* Resources */,
			);
			buildRules = (
			);
			dependencies = (
			);
			name = Book1_PageControl;
			productName = Book1_PageControl;
			productReference = D76B28F027A56E8B0078D66A /* Book1_PageControl.app */;
			productType = "com.apple.product-type.application";
		};
/* End PBXNativeTarget section */

/* Begin PBXProject section */
		D76B28E827A56E8B0078D66A /* Project object */ = {
			isa = PBXProject;
			attributes = {
				BuildIndependentTargetsInParallel = 1;
				LastSwiftUpdateCheck = 1320;
				LastUpgradeCheck = 1320;
				TargetAttributes = {
					D76B28EF27A56E8B0078D66A = {
						CreatedOnToolsVersion = 13.2.1;
					};
				};
			};
			buildConfigurationList = D76B28EB27A56E8B0078D66A /* Build configuration list for PBXProject "Book1_PageControl" */;
			compatibilityVersion = "Xcode 13.0";
			developmentRegion = en;
			hasScannedForEncodings = 0;
			knownRegions = (
				en,
				Base,
			);
			mainGroup = D76B28E727A56E8B0078D66A;
			productRefGroup = D76B28F127A56E8B0078D66A /* Products */;
			projectDirPath = "";
			projectRoot = "";
			targets = (
				D76B28EF27A56E8B0078D66A /* Book1_PageControl */,
			);
		};
/* End PBXProject section */

/* Begin PBXResourcesBuildPhase section */
		D76B28EE27A56E8B0078D66A /* Resources */ = {
			isa = PBXResourcesBuildPhase;
			buildActionMask = 2147483647;
			files = (
				D76B290F27A5704C0078D66A /* 4.JPG in Resources */,
				D76B290027A56E8C0078D66A /* LaunchScreen.storyboard in Resources */,
				D76B290D27A5704C0078D66A /* 5.JPG in Resources */,
				D76B291027A5704C0078D66A /* 6.JPG in Resources */,
				D76B290E27A5704C0078D66A /* 1.JPG in Resources */,
				D76B28FD27A56E8C0078D66A /* Assets.xcassets in Resources */,
				D76B291227A5704C0078D66A /* 3.JPG in Resources */,
				D76B291127A5704C0078D66A /* 2.JPG in Resources */,
				D76B28FB27A56E8B0078D66A /* Main.storyboard in Resources */,
			);
			runOnlyForDeploymentPostprocessing = 0;
		};
/* End PBXResourcesBuildPhase section */

/* Begin PBXSourcesBuildPhase section */
		D76B28EC27A56E8B0078D66A /* Sources */ = {
			isa = PBXSourcesBuildPhase;
			buildActionMask = 2147483647;
			files = (
				D76B28F827A56E8B0078D66A /* ViewController.swift in Sources */,
				D76B28F427A56E8B0078D66A /* AppDelegate.swift in Sources */,
				D76B28F627A56E8B0078D66A /* SceneDelegate.swift in Sources */,
			);
			runOnlyForDeploymentPostprocessing = 0;
		};
/* End PBXSourcesBuildPhase section */

/* Begin PBXVariantGroup section */
		D76B28F927A56E8B0078D66A /* Main.storyboard */ = {
			isa = PBXVariantGroup;
			children = (
				D76B28FA27A56E8B0078D66A /* Base */,
			);
			name = Main.storyboard;
			sourceTree = "<group>";
		};
		D76B28FE27A56E8C0078D66A /* LaunchScreen.storyboard */ = {
			isa = PBXVariantGroup;
			children = (
				D76B28FF27A56E8C0078D66A /* Base */,
			);
			name = LaunchScreen.storyboard;
			sourceTree = "<group>";
		};
/* End PBXVariantGroup section */

/* Begin XCBuildConfiguration section */
		D76B290227A56E8C0078D66A /* Debug */ = {
			isa = XCBuildConfiguration;
			buildSettings = {
				ALWAYS_SEARCH_USER_PATHS = NO;
				CLANG_ANALYZER_NONNULL = YES;
				CLANG_ANALYZER_NUMBER_OBJECT_CONVERSION = YES_AGGRESSIVE;
				CLANG_CXX_LANGUAGE_STANDARD = "gnu++17";
				CLANG_CXX_LIBRARY = "libc++";
				CLANG_ENABLE_MODULES = YES;
				CLANG_ENABLE_OBJC_ARC = YES;
				CLANG_ENABLE_OBJC_WEAK = YES;
				CLANG_WARN_BLOCK_CAPTURE_AUTORELEASING = YES;
				CLANG_WARN_BOOL_CONVERSION = YES;
				CLANG_WARN_COMMA = YES;
				CLANG_WARN_CONSTANT_CONVERSION = YES;
				CLANG_WARN_DEPRECATED_OBJC_IMPLEMENTATIONS = YES;
				CLANG_WARN_DIRECT_OBJC_ISA_USAGE = YES_ERROR;
				CLANG_WARN_DOCUMENTATION_COMMENTS = YES;
				CLANG_WARN_EMPTY_BODY = YES;
				CLANG_WARN_ENUM_CONVERSION = YES;
				CLANG_WARN_INFINITE_RECURSION = YES;
				CLANG_WARN_INT_CONVERSION = YES;
				CLANG_WARN_NON_LITERAL_NULL_CONVERSION = YES;
				CLANG_WARN_OBJC_IMPLICIT_RETAIN_SELF = YES;
				CLANG_WARN_OBJC_LITERAL_CONVERSION = YES;
				CLANG_WARN_OBJC_ROOT_CLASS = YES_ERROR;
				CLANG_WARN_QUOTED_INCLUDE_IN_FRAMEWORK_HEADER = YES;
				CLANG_WARN_RANGE_LOOP_ANALYSIS = YES;
				CLANG_WARN_STRICT_PROTOTYPES = YES;
				CLANG_WARN_SUSPICIOUS_MOVE = YES;
				CLANG_WARN_UNGUARDED_AVAILABILITY = YES_AGGRESSIVE;
				CLANG_WARN_UNREACHABLE_CODE = YES;
				CLANG_WARN__DUPLICATE_METHOD_MATCH = YES;
				COPY_PHASE_STRIP = NO;
				DEBUG_INFORMATION_FORMAT = dwarf;
				ENABLE_STRICT_OBJC_MSGSEND = YES;
				ENABLE_TESTABILITY = YES;
				GCC_C_LANGUAGE_STANDARD = gnu11;
				GCC_DYNAMIC_NO_PIC = NO;
				GCC_NO_COMMON_BLOCKS = YES;
				GCC_OPTIMIZATION_LEVEL = 0;
				GCC_PREPROCESSOR_DEFINITIONS = (
					"DEBUG=1",
					"$(inherited)",
				);
				GCC_WARN_64_TO_32_BIT_CONVERSION = YES;
				GCC_WARN_ABOUT_RETURN_TYPE = YES_ERROR;
				GCC_WARN_UNDECLARED_SELECTOR = YES;
				GCC_WARN_UNINITIALIZED_AUTOS = YES_AGGRESSIVE;
				GCC_WARN_UNUSED_FUNCTION = YES;
				GCC_WARN_UNUSED_VARIABLE = YES;
				IPHONEOS_DEPLOYMENT_TARGET = 15.2;
				MTL_ENABLE_DEBUG_INFO = INCLUDE_SOURCE;
				MTL_FAST_MATH = YES;
				ONLY_ACTIVE_ARCH = YES;
				SDKROOT = iphoneos;
				SWIFT_ACTIVE_COMPILATION_CONDITIONS = DEBUG;
				SWIFT_OPTIMIZATION_LEVEL = "-Onone";
			};
			name = Debug;
		};
		D76B290327A56E8C0078D66A /* Release */ = {
			isa = XCBuildConfiguration;
			buildSettings = {
				ALWAYS_SEARCH_USER_PATHS = NO;
				CLANG_ANALYZER_NONNULL = YES;
				CLANG_ANALYZER_NUMBER_OBJECT_CONVERSION = YES_AGGRESSIVE;
				CLANG_CXX_LANGUAGE_STANDARD = "gnu++17";
				CLANG_CXX_LIBRARY = "libc++";
				CLANG_ENABLE_MODULES = YES;
				CLANG_ENABLE_OBJC_ARC = YES;
				CLANG_ENABLE_OBJC_WEAK = YES;
				CLANG_WARN_BLOCK_CAPTURE_AUTORELEASING = YES;
				CLANG_WARN_BOOL_CONVERSION = YES;
				CLANG_WARN_COMMA = YES;
				CLANG_WARN_CONSTANT_CONVERSION = YES;
				CLANG_WARN_DEPRECATED_OBJC_IMPLEMENTATIONS = YES;
				CLANG_WARN_DIRECT_OBJC_ISA_USAGE = YES_ERROR;
				CLANG_WARN_DOCUMENTATION_COMMENTS = YES;
				CLANG_WARN_EMPTY_BODY = YES;
				CLANG_WARN_ENUM_CONVERSION = YES;
				CLANG_WARN_INFINITE_RECURSION = YES;
				CLANG_WARN_INT_CONVERSION = YES;
				CLANG_WARN_NON_LITERAL_NULL_CONVERSION = YES;
				CLANG_WARN_OBJC_IMPLICIT_RETAIN_SELF = YES;
				CLANG_WARN_OBJC_LITERAL_CONVERSION = YES;
				CLANG_WARN_OBJC_ROOT_CLASS = YES_ERROR;
				CLANG_WARN_QUOTED_INCLUDE_IN_FRAMEWORK_HEADER = YES;
				CLANG_WARN_RANGE_LOOP_ANALYSIS = YES;
				CLANG_WARN_STRICT_PROTOTYPES = YES;
				CLANG_WARN_SUSPICIOUS_MOVE = YES;
				CLANG_WARN_UNGUARDED_AVAILABILITY = YES_AGGRESSIVE;
				CLANG_WARN_UNREACHABLE_CODE = YES;
				CLANG_WARN__DUPLICATE_METHOD_MATCH = YES;
				COPY_PHASE_STRIP = NO;
				DEBUG_INFORMATION_FORMAT = "dwarf-with-dsym";
				ENABLE_NS_ASSERTIONS = NO;
				ENABLE_STRICT_OBJC_MSGSEND = YES;
				GCC_C_LANGUAGE_STANDARD = gnu11;
				GCC_NO_COMMON_BLOCKS = YES;
				GCC_WARN_64_TO_32_BIT_CONVERSION = YES;
				GCC_WARN_ABOUT_RETURN_TYPE = YES_ERROR;
				GCC_WARN_UNDECLARED_SELECTOR = YES;
				GCC_WARN_UNINITIALIZED_AUTOS = YES_AGGRESSIVE;
				GCC_WARN_UNUSED_FUNCTION = YES;
				GCC_WARN_UNUSED_VARIABLE = YES;
				IPHONEOS_DEPLOYMENT_TARGET = 15.2;
				MTL_ENABLE_DEBUG_INFO = NO;
				MTL_FAST_MATH = YES;
				SDKROOT = iphoneos;
				SWIFT_COMPILATION_MODE = wholemodule;
				SWIFT_OPTIMIZATION_LEVEL = "-O";
				VALIDATE_PRODUCT = YES;
			};
			name = Release;
		};
		D76B290527A56E8C0078D66A /* Debug */ = {
			isa = XCBuildConfiguration;
			buildSettings = {
				ASSETCATALOG_COMPILER_APPICON_NAME = AppIcon;
				ASSETCATALOG_COMPILER_GLOBAL_ACCENT_COLOR_NAME = AccentColor;
				CODE_SIGN_STYLE = Automatic;
				CURRENT_PROJECT_VERSION = 1;
				DEVELOPMENT_TEAM = 7KFTL66425;
				GENERATE_INFOPLIST_FILE = YES;
				INFOPLIST_FILE = Book1_PageControl/Info.plist;
				INFOPLIST_KEY_UIApplicationSupportsIndirectInputEvents = YES;
				INFOPLIST_KEY_UILaunchStoryboardName = LaunchScreen;
				INFOPLIST_KEY_UIMainStoryboardFile = Main;
				INFOPLIST_KEY_UISupportedInterfaceOrientations = UIInterfaceOrientationPortrait;
				INFOPLIST_KEY_UISupportedInterfaceOrientations_iPad = "UIInterfaceOrientationPortrait UIInterfaceOrientationPortraitUpsideDown UIInterfaceOrientationLandscapeLeft UIInterfaceOrientationLandscapeRight";
				INFOPLIST_KEY_UISupportedInterfaceOrientations_iPhone = "UIInterfaceOrientationPortrait UIInterfaceOrientationLandscapeLeft UIInterfaceOrientationLandscapeRight";
				LD_RUNPATH_SEARCH_PATHS = (
					"$(inherited)",
					"@executable_path/Frameworks",
				);
				MARKETING_VERSION = 1.0;
				PRODUCT_BUNDLE_IDENTIFIER = "Home.Book1-PageControl";
				PRODUCT_NAME = "$(TARGET_NAME)";
				SWIFT_EMIT_LOC_STRINGS = YES;
				SWIFT_VERSION = 5.0;
				TARGETED_DEVICE_FAMILY = "1,2";
			};
			name = Debug;
		};
		D76B290627A56E8C0078D66A /* Release */ = {
			isa = XCBuildConfiguration;
			buildSettings = {
				ASSETCATALOG_COMPILER_APPICON_NAME = AppIcon;
				ASSETCATALOG_COMPILER_GLOBAL_ACCENT_COLOR_NAME = AccentColor;
				CODE_SIGN_STYLE = Automatic;
				CURRENT_PROJECT_VERSION = 1;
				DEVELOPMENT_TEAM = 7KFTL66425;
				GENERATE_INFOPLIST_FILE = YES;
				INFOPLIST_FILE = Book1_PageControl/Info.plist;
				INFOPLIST_KEY_UIApplicationSupportsIndirectInputEvents = YES;
				INFOPLIST_KEY_UILaunchStoryboardName = LaunchScreen;
				INFOPLIST_KEY_UIMainStoryboardFile = Main;
				INFOPLIST_KEY_UISupportedInterfaceOrientations = UIInterfaceOrientationPortrait;
				INFOPLIST_KEY_UISupportedInterfaceOrientations_iPad = "UIInterfaceOrientationPortrait UIInterfaceOrientationPortraitUpsideDown UIInterfaceOrientationLandscapeLeft UIInterfaceOrientationLandscapeRight";
				INFOPLIST_KEY_UISupportedInterfaceOrientations_iPhone = "UIInterfaceOrientationPortrait UIInterfaceOrientationLandscapeLeft UIInterfaceOrientationLandscapeRight";
				LD_RUNPATH_SEARCH_PATHS = (
					"$(inherited)",
					"@executable_path/Frameworks",
				);
				MARKETING_VERSION = 1.0;
				PRODUCT_BUNDLE_IDENTIFIER = "Home.Book1-PageControl";
				PRODUCT_NAME = "$(TARGET_NAME)";
				SWIFT_EMIT_LOC_STRINGS = YES;
				SWIFT_VERSION = 5.0;
				TARGETED_DEVICE_FAMILY = "1,2";
			};
			name = Release;
		};
/* End XCBuildConfiguration section */

/* Begin XCConfigurationList section */
		D76B28EB27A56E8B0078D66A /* Build configuration list for PBXProject "Book1_PageControl" */ = {
			isa = XCConfigurationList;
			buildConfigurations = (
				D76B290227A56E8C0078D66A /* Debug */,
				D76B290327A56E8C0078D66A /* Release */,
			);
			defaultConfigurationIsVisible = 0;
			defaultConfigurationName = Release;
		};
		D76B290427A56E8C0078D66A /* Build configuration list for PBXNativeTarget "Book1_PageControl" */ = {
			isa = XCConfigurationList;
			buildConfigurations = (
				D76B290527A56E8C0078D66A /* Debug */,
				D76B290627A56E8C0078D66A /* Release */,
			);
			defaultConfigurationIsVisible = 0;
			defaultConfigurationName = Release;
		};
/* End XCConfigurationList section */
	};
	rootObject = D76B28E827A56E8B0078D66A /* Project object */;
}
